Microsoft Visual Studio Solution File, Format Version 12.00
# Visual Studio 14
Project("{8BC9CEB8-8B4A-11D0-8D11-00A0C91BC942}") = "ALL_BUILD", "ALL_BUILD.vcxproj", "{1D54D878-F089-4611-8A03-26D32D8B8CE0}"
	ProjectSection(ProjectDependencies) = postProject
		{835B31CB-A620-4C26-A986-1356CF114AA3} = {835B31CB-A620-4C26-A986-1356CF114AA3}
		{98A424EB-CB5B-444B-A124-6EFE902F11B2} = {98A424EB-CB5B-444B-A124-6EFE902F11B2}
		{78E8F440-50F9-4E56-9A57-59744C27F209} = {78E8F440-50F9-4E56-9A57-59744C27F209}
		{366418B9-F34F-4E59-BA36-68CB71BCF7D4} = {366418B9-F34F-4E59-BA36-68CB71BCF7D4}
		{2911689C-34E2-41F1-8214-34207893C16A} = {2911689C-34E2-41F1-8214-34207893C16A}
		{044E089D-8C64-4346-86E3-40A09C73102D} = {044E089D-8C64-4346-86E3-40A09C73102D}
	EndProjectSection
EndProject
Project("{8BC9CEB8-8B4A-11D0-8D11-00A0C91BC942}") = "INSTALL", "INSTALL.vcxproj", "{D77D7572-F458-4778-B119-EC34B466DB12}"
	ProjectSection(ProjectDependencies) = postProject
		{1D54D878-F089-4611-8A03-26D32D8B8CE0} = {1D54D878-F089-4611-8A03-26D32D8B8CE0}
	EndProjectSection
EndProject
Project("{8BC9CEB8-8B4A-11D0-8D11-00A0C91BC942}") = "UpdateAssimpLibsDebugSymbolsAndDLLs", "UpdateAssimpLibsDebugSymbolsAndDLLs.vcxproj", "{8205B0A0-F219-47D9-872C-4A0A46A72F90}"
	ProjectSection(ProjectDependencies) = postProject
		{835B31CB-A620-4C26-A986-1356CF114AA3} = {835B31CB-A620-4C26-A986-1356CF114AA3}
	EndProjectSection
EndProject
Project("{8BC9CEB8-8B4A-11D0-8D11-00A0C91BC942}") = "ZERO_CHECK", "ZERO_CHECK.vcxproj", "{835B31CB-A620-4C26-A986-1356CF114AA3}"
	ProjectSection(ProjectDependencies) = postProject
	EndProjectSection
EndProject
Project("{8BC9CEB8-8B4A-11D0-8D11-00A0C91BC942}") = "assimp", "code\assimp.vcxproj", "{98A424EB-CB5B-444B-A124-6EFE902F11B2}"
	ProjectSection(ProjectDependencies) = postProject
		{835B31CB-A620-4C26-A986-1356CF114AA3} = {835B31CB-A620-4C26-A986-1356CF114AA3}
		{044E089D-8C64-4346-86E3-40A09C73102D} = {044E089D-8C64-4346-86E3-40A09C73102D}
	EndProjectSection
EndProject
Project("{8BC9CEB8-8B4A-11D0-8D11-00A0C91BC942}") = "assimp_cmd", "tools\assimp_cmd\assimp_cmd.vcxproj", "{78E8F440-50F9-4E56-9A57-59744C27F209}"
	ProjectSection(ProjectDependencies) = postProject
		{835B31CB-A620-4C26-A986-1356CF114AA3} = {835B31CB-A620-4C26-A986-1356CF114AA3}
		{98A424EB-CB5B-444B-A124-6EFE902F11B2} = {98A424EB-CB5B-444B-A124-6EFE902F11B2}
		{044E089D-8C64-4346-86E3-40A09C73102D} = {044E089D-8C64-4346-86E3-40A09C73102D}
	EndProjectSection
EndProject
Project("{8BC9CEB8-8B4A-11D0-8D11-00A0C91BC942}") = "gtest", "test\gtest.vcxproj", "{366418B9-F34F-4E59-BA36-68CB71BCF7D4}"
	ProjectSection(ProjectDependencies) = postProject
		{835B31CB-A620-4C26-A986-1356CF114AA3} = {835B31CB-A620-4C26-A986-1356CF114AA3}
	EndProjectSection
EndProject
Project("{8BC9CEB8-8B4A-11D0-8D11-00A0C91BC942}") = "uninstall", "uninstall.vcxproj", "{5554C76E-A1E2-4731-8192-9B0282884BF2}"
	ProjectSection(ProjectDependencies) = postProject
		{835B31CB-A620-4C26-A986-1356CF114AA3} = {835B31CB-A620-4C26-A986-1356CF114AA3}
	EndProjectSection
EndProject
Project("{8BC9CEB8-8B4A-11D0-8D11-00A0C91BC942}") = "unit", "test\unit.vcxproj", "{2911689C-34E2-41F1-8214-34207893C16A}"
	ProjectSection(ProjectDependencies) = postProject
		{835B31CB-A620-4C26-A986-1356CF114AA3} = {835B31CB-A620-4C26-A986-1356CF114AA3}
		{98A424EB-CB5B-444B-A124-6EFE902F11B2} = {98A424EB-CB5B-444B-A124-6EFE902F11B2}
		{366418B9-F34F-4E59-BA36-68CB71BCF7D4} = {366418B9-F34F-4E59-BA36-68CB71BCF7D4}
		{044E089D-8C64-4346-86E3-40A09C73102D} = {044E089D-8C64-4346-86E3-40A09C73102D}
	EndProjectSection
EndProject
Project("{8BC9CEB8-8B4A-11D0-8D11-00A0C91BC942}") = "zlibstatic", "contrib\zlib\zlibstatic.vcxproj", "{044E089D-8C64-4346-86E3-40A09C73102D}"
	ProjectSection(ProjectDependencies) = postProject
		{835B31CB-A620-4C26-A986-1356CF114AA3} = {835B31CB-A620-4C26-A986-1356CF114AA3}
	EndProjectSection
EndProject
Global
	GlobalSection(SolutionConfigurationPlatforms) = preSolution
		Debug|ARM = Debug|ARM
		Release|ARM = Release|ARM
		MinSizeRel|ARM = MinSizeRel|ARM
		RelWithDebInfo|ARM = RelWithDebInfo|ARM
	EndGlobalSection
	GlobalSection(ProjectConfigurationPlatforms) = postSolution
		{1D54D878-F089-4611-8A03-26D32D8B8CE0}.Debug|ARM.ActiveCfg = Debug|ARM
		{1D54D878-F089-4611-8A03-26D32D8B8CE0}.Debug|ARM.Build.0 = Debug|ARM
		{1D54D878-F089-4611-8A03-26D32D8B8CE0}.Release|ARM.ActiveCfg = Release|ARM
		{1D54D878-F089-4611-8A03-26D32D8B8CE0}.Release|ARM.Build.0 = Release|ARM
		{1D54D878-F089-4611-8A03-26D32D8B8CE0}.MinSizeRel|ARM.ActiveCfg = MinSizeRel|ARM
		{1D54D878-F089-4611-8A03-26D32D8B8CE0}.MinSizeRel|ARM.Build.0 = MinSizeRel|ARM
		{1D54D878-F089-4611-8A03-26D32D8B8CE0}.RelWithDebInfo|ARM.ActiveCfg = RelWithDebInfo|ARM
		{1D54D878-F089-4611-8A03-26D32D8B8CE0}.RelWithDebInfo|ARM.Build.0 = RelWithDebInfo|ARM
		{D77D7572-F458-4778-B119-EC34B466DB12}.Debug|ARM.ActiveCfg = Debug|ARM
		{D77D7572-F458-4778-B119-EC34B466DB12}.Release|ARM.ActiveCfg = Release|ARM
		{D77D7572-F458-4778-B119-EC34B466DB12}.MinSizeRel|ARM.ActiveCfg = MinSizeRel|ARM
		{D77D7572-F458-4778-B119-EC34B466DB12}.RelWithDebInfo|ARM.ActiveCfg = RelWithDebInfo|ARM
		{8205B0A0-F219-47D9-872C-4A0A46A72F90}.Debug|ARM.ActiveCfg = Debug|ARM
		{8205B0A0-F219-47D9-872C-4A0A46A72F90}.Release|ARM.ActiveCfg = Release|ARM
		{8205B0A0-F219-47D9-872C-4A0A46A72F90}.MinSizeRel|ARM.ActiveCfg = MinSizeRel|ARM
		{8205B0A0-F219-47D9-872C-4A0A46A72F90}.RelWithDebInfo|ARM.ActiveCfg = RelWithDebInfo|ARM
		{835B31CB-A620-4C26-A986-1356CF114AA3}.Debug|ARM.ActiveCfg = Debug|ARM
		{835B31CB-A620-4C26-A986-1356CF114AA3}.Debug|ARM.Build.0 = Debug|ARM
		{835B31CB-A620-4C26-A986-1356CF114AA3}.Release|ARM.ActiveCfg = Release|ARM
		{835B31CB-A620-4C26-A986-1356CF114AA3}.Release|ARM.Build.0 = Release|ARM
		{835B31CB-A620-4C26-A986-1356CF114AA3}.MinSizeRel|ARM.ActiveCfg = MinSizeRel|ARM
		{835B31CB-A620-4C26-A986-1356CF114AA3}.MinSizeRel|ARM.Build.0 = MinSizeRel|ARM
		{835B31CB-A620-4C26-A986-1356CF114AA3}.RelWithDebInfo|ARM.ActiveCfg = RelWithDebInfo|ARM
		{835B31CB-A620-4C26-A986-1356CF114AA3}.RelWithDebInfo|ARM.Build.0 = RelWithDebInfo|ARM
		{98A424EB-CB5B-444B-A124-6EFE902F11B2}.Debug|ARM.ActiveCfg = Debug|ARM
		{98A424EB-CB5B-444B-A124-6EFE902F11B2}.Debug|ARM.Build.0 = Debug|ARM
		{98A424EB-CB5B-444B-A124-6EFE902F11B2}.Release|ARM.ActiveCfg = Release|ARM
		{98A424EB-CB5B-444B-A124-6EFE902F11B2}.Release|ARM.Build.0 = Release|ARM
		{98A424EB-CB5B-444B-A124-6EFE902F11B2}.MinSizeRel|ARM.ActiveCfg = MinSizeRel|ARM
		{98A424EB-CB5B-444B-A124-6EFE902F11B2}.MinSizeRel|ARM.Build.0 = MinSizeRel|ARM
		{98A424EB-CB5B-444B-A124-6EFE902F11B2}.RelWithDebInfo|ARM.ActiveCfg = RelWithDebInfo|ARM
		{98A424EB-CB5B-444B-A124-6EFE902F11B2}.RelWithDebInfo|ARM.Build.0 = RelWithDebInfo|ARM
		{78E8F440-50F9-4E56-9A57-59744C27F209}.Debug|ARM.ActiveCfg = Debug|ARM
		{78E8F440-50F9-4E56-9A57-59744C27F209}.Debug|ARM.Build.0 = Debug|ARM
		{78E8F440-50F9-4E56-9A57-59744C27F209}.Release|ARM.ActiveCfg = Release|ARM
		{78E8F440-50F9-4E56-9A57-59744C27F209}.Release|ARM.Build.0 = Release|ARM
		{78E8F440-50F9-4E56-9A57-59744C27F209}.MinSizeRel|ARM.ActiveCfg = MinSizeRel|ARM
		{78E8F440-50F9-4E56-9A57-59744C27F209}.MinSizeRel|ARM.Build.0 = MinSizeRel|ARM
		{78E8F440-50F9-4E56-9A57-59744C27F209}.RelWithDebInfo|ARM.ActiveCfg = RelWithDebInfo|ARM
		{78E8F440-50F9-4E56-9A57-59744C27F209}.RelWithDebInfo|ARM.Build.0 = RelWithDebInfo|ARM
		{366418B9-F34F-4E59-BA36-68CB71BCF7D4}.Debug|ARM.ActiveCfg = Debug|ARM
		{366418B9-F34F-4E59-BA36-68CB71BCF7D4}.Debug|ARM.Build.0 = Debug|ARM
		{366418B9-F34F-4E59-BA36-68CB71BCF7D4}.Release|ARM.ActiveCfg = Release|ARM
		{366418B9-F34F-4E59-BA36-68CB71BCF7D4}.Release|ARM.Build.0 = Release|ARM
		{366418B9-F34F-4E59-BA36-68CB71BCF7D4}.MinSizeRel|ARM.ActiveCfg = MinSizeRel|ARM
		{366418B9-F34F-4E59-BA36-68CB71BCF7D4}.MinSizeRel|ARM.Build.0 = MinSizeRel|ARM
		{366418B9-F34F-4E59-BA36-68CB71BCF7D4}.RelWithDebInfo|ARM.ActiveCfg = RelWithDebInfo|ARM
		{366418B9-F34F-4E59-BA36-68CB71BCF7D4}.RelWithDebInfo|ARM.Build.0 = RelWithDebInfo|ARM
		{5554C76E-A1E2-4731-8192-9B0282884BF2}.Debug|ARM.ActiveCfg = Debug|ARM
		{5554C76E-A1E2-4731-8192-9B0282884BF2}.Release|ARM.ActiveCfg = Release|ARM
		{5554C76E-A1E2-4731-8192-9B0282884BF2}.MinSizeRel|ARM.ActiveCfg = MinSizeRel|ARM
		{5554C76E-A1E2-4731-8192-9B0282884BF2}.RelWithDebInfo|ARM.ActiveCfg = RelWithDebInfo|ARM
		{2911689C-34E2-41F1-8214-34207893C16A}.Debug|ARM.ActiveCfg = Debug|ARM
		{2911689C-34E2-41F1-8214-34207893C16A}.Debug|ARM.Build.0 = Debug|ARM
		{2911689C-34E2-41F1-8214-34207893C16A}.Release|ARM.ActiveCfg = Release|ARM
		{2911689C-34E2-41F1-8214-34207893C16A}.Release|ARM.Build.0 = Release|ARM
		{2911689C-34E2-41F1-8214-34207893C16A}.MinSizeRel|ARM.ActiveCfg = MinSizeRel|ARM
		{2911689C-34E2-41F1-8214-34207893C16A}.MinSizeRel|ARM.Build.0 = MinSizeRel|ARM
		{2911689C-34E2-41F1-8214-34207893C16A}.RelWithDebInfo|ARM.ActiveCfg = RelWithDebInfo|ARM
		{2911689C-34E2-41F1-8214-34207893C16A}.RelWithDebInfo|ARM.Build.0 = RelWithDebInfo|ARM
		{044E089D-8C64-4346-86E3-40A09C73102D}.Debug|ARM.ActiveCfg = Debug|ARM
		{044E089D-8C64-4346-86E3-40A09C73102D}.Debug|ARM.Build.0 = Debug|ARM
		{044E089D-8C64-4346-86E3-40A09C73102D}.Release|ARM.ActiveCfg = Release|ARM
		{044E089D-8C64-4346-86E3-40A09C73102D}.Release|ARM.Build.0 = Release|ARM
		{044E089D-8C64-4346-86E3-40A09C73102D}.MinSizeRel|ARM.ActiveCfg = MinSizeRel|ARM
		{044E089D-8C64-4346-86E3-40A09C73102D}.MinSizeRel|ARM.Build.0 = MinSizeRel|ARM
		{044E089D-8C64-4346-86E3-40A09C73102D}.RelWithDebInfo|ARM.ActiveCfg = RelWithDebInfo|ARM
		{044E089D-8C64-4346-86E3-40A09C73102D}.RelWithDebInfo|ARM.Build.0 = RelWithDebInfo|ARM
	EndGlobalSection
	GlobalSection(ExtensibilityGlobals) = postSolution
	EndGlobalSection
	GlobalSection(ExtensibilityAddIns) = postSolution
	EndGlobalSection
EndGlobal
